
Microsoft Visual Studio Solution File, Format Version 11.00
# Visual Studio 2010
Project("{8BC9CEB8-8B4A-11D0-8D11-00A0C91BC942}") = "RuteAction", "RuteAction\RuteAction.vcxproj", "{AC2B0D15-327F-4F7F-A8B2-02C0382A2570}"
EndProject
Project("{8BC9CEB8-8B4A-11D0-8D11-00A0C91BC942}") = "Kojima_lib", "..\..\Kojima_lib\Kojima_lib\Kojima_lib.vcxproj", "{12F2FD55-36D8-44DD-B24F-D485A82D5D57}"
EndProject
Global
	GlobalSection(SolutionConfigurationPlatforms) = preSolution
		Debug|Win32 = Debug|Win32
		Release|Win32 = Release|Win32
	EndGlobalSection
	GlobalSection(ProjectConfigurationPlatforms) = postSolution
		{AC2B0D15-327F-4F7F-A8B2-02C0382A2570}.Debug|Win32.ActiveCfg = Debug|Win32
		{AC2B0D15-327F-4F7F-A8B2-02C0382A2570}.Debug|Win32.Build.0 = Debug|Win32
		{AC2B0D15-327F-4F7F-A8B2-02C0382A2570}.Release|Win32.ActiveCfg = Release|Win32
		{AC2B0D15-327F-4F7F-A8B2-02C0382A2570}.Release|Win32.Build.0 = Release|Win32
		{12F2FD55-36D8-44DD-B24F-D485A82D5D57}.Debug|Win32.ActiveCfg = Debug|Win32
		{12F2FD55-36D8-44DD-B24F-D485A82D5D57}.Debug|Win32.Build.0 = Debug|Win32
		{12F2FD55-36D8-44DD-B24F-D485A82D5D57}.Release|Win32.ActiveCfg = Release|Win32
		{12F2FD55-36D8-44DD-B24F-D485A82D5D57}.Release|Win32.Build.0 = Release|Win32
	EndGlobalSection
	GlobalSection(SolutionProperties) = preSolution
		HideSolutionNode = FALSE
	EndGlobalSection
EndGlobal
