<?xml version="1.0" encoding="utf-8"?>
<Project ToolsVersion="4.0" xmlns="http://schemas.microsoft.com/developer/msbuild/2003">
  <ItemGroup>
    <Filter Include="ソース ファイル">
      <UniqueIdentifier>{4FC737F1-C7A5-4376-A066-2A32D752A2FF}</UniqueIdentifier>
      <Extensions>cpp;c;cc;cxx;def;odl;idl;hpj;bat;asm;asmx</Extensions>
    </Filter>
    <Filter Include="ソース ファイル\Block">
      <UniqueIdentifier>{7ef78dbe-61ae-434b-a7d2-307e0df2c85a}</UniqueIdentifier>
    </Filter>
    <Filter Include="ソース ファイル\Chara">
      <UniqueIdentifier>{105286e8-37e7-4264-9544-0953b03b55c2}</UniqueIdentifier>
    </Filter>
    <Filter Include="ソース ファイル\DirectG">
      <UniqueIdentifier>{6b333009-e785-4eac-8167-c856a6e54a6c}</UniqueIdentifier>
    </Filter>
    <Filter Include="ソース ファイル\System">
      <UniqueIdentifier>{d376f63d-622e-4d7d-a1c7-17311e3ffc33}</UniqueIdentifier>
    </Filter>
    <Filter Include="ソース ファイル\NKC">
      <UniqueIdentifier>{67812a6a-f035-4b89-8f14-fd446a1af7d7}</UniqueIdentifier>
    </Filter>
    <Filter Include="ヘッダー ファイル">
      <UniqueIdentifier>{93995380-89BD-4b04-88EB-625FBE52EBFB}</UniqueIdentifier>
      <Extensions>h;hpp;hxx;hm;inl;inc;xsd</Extensions>
    </Filter>
    <Filter Include="ヘッダー ファイル\Block">
      <UniqueIdentifier>{d9918ed6-1ced-48de-b494-160f0936ad9c}</UniqueIdentifier>
    </Filter>
    <Filter Include="ヘッダー ファイル\Chara">
      <UniqueIdentifier>{f7c9a414-6924-4a6d-8ff7-0004e6c06321}</UniqueIdentifier>
    </Filter>
    <Filter Include="ヘッダー ファイル\DirectG">
      <UniqueIdentifier>{872fc36f-1940-4fcd-b29b-b505b990c89f}</UniqueIdentifier>
    </Filter>
    <Filter Include="ヘッダー ファイル\System">
      <UniqueIdentifier>{b642b2fb-cf7f-4540-ab80-92b42d603597}</UniqueIdentifier>
    </Filter>
    <Filter Include="ヘッダー ファイル\NKC">
      <UniqueIdentifier>{a2a8d982-9c05-4d62-a158-a632f64e60fa}</UniqueIdentifier>
    </Filter>
    <Filter Include="リソース ファイル">
      <UniqueIdentifier>{67DA6AB6-F800-4c08-8B7A-83BB121AAD01}</UniqueIdentifier>
      <Extensions>rc;ico;cur;bmp;dlg;rc2;rct;bin;rgs;gif;jpg;jpeg;jpe;resx;tiff;tif;png;wav</Extensions>
    </Filter>
  </ItemGroup>
  <ItemGroup>
    <ClCompile Include="CheckHit.cpp">
      <Filter>ソース ファイル</Filter>
    </ClCompile>
    <ClCompile Include="Ranking.cpp">
      <Filter>ソース ファイル</Filter>
    </ClCompile>
    <ClCompile Include="Stage.cpp">
      <Filter>ソース ファイル</Filter>
    </ClCompile>
    <ClCompile Include="Tytle.cpp">
      <Filter>ソース ファイル</Filter>
    </ClCompile>
    <ClCompile Include="WindowClass.cpp">
      <Filter>ソース ファイル</Filter>
    </ClCompile>
    <ClCompile Include="Block.cpp">
      <Filter>ソース ファイル\Block</Filter>
    </ClCompile>
    <ClCompile Include="BlockManager.cpp">
      <Filter>ソース ファイル\Block</Filter>
    </ClCompile>
    <ClCompile Include="Bullet.cpp">
      <Filter>ソース ファイル\Chara</Filter>
    </ClCompile>
    <ClCompile Include="Chara.cpp">
      <Filter>ソース ファイル\Chara</Filter>
    </ClCompile>
    <ClCompile Include="Renderer.cpp">
      <Filter>ソース ファイル\DirectG</Filter>
    </ClCompile>
    <ClCompile Include="Texture.cpp">
      <Filter>ソース ファイル\DirectG</Filter>
    </ClCompile>
    <ClCompile Include="SystemClass.cpp">
      <Filter>ソース ファイル\System</Filter>
    </ClCompile>
    <ClCompile Include="NKC_DInput.cpp">
      <Filter>ソース ファイル\NKC</Filter>
    </ClCompile>
  </ItemGroup>
  <ItemGroup>
    <ClInclude Include="CheckHit.h">
      <Filter>ヘッダー ファイル</Filter>
    </ClInclude>
    <ClInclude Include="Common.h">
      <Filter>ヘッダー ファイル</Filter>
    </ClInclude>
    <ClInclude Include="Ranking.h">
      <Filter>ヘッダー ファイル</Filter>
    </ClInclude>
    <ClInclude Include="Stage.h">
      <Filter>ヘッダー ファイル</Filter>
    </ClInclude>
    <ClInclude Include="Tytle.h">
      <Filter>ヘッダー ファイル</Filter>
    </ClInclude>
    <ClInclude Include="WindowClass.h">
      <Filter>ヘッダー ファイル</Filter>
    </ClInclude>
    <ClInclude Include="Block.h">
      <Filter>ヘッダー ファイル\Block</Filter>
    </ClInclude>
    <ClInclude Include="BlockManager.h">
      <Filter>ヘッダー ファイル\Block</Filter>
    </ClInclude>
    <ClInclude Include="Bullet.h">
      <Filter>ヘッダー ファイル\Chara</Filter>
    </ClInclude>
    <ClInclude Include="Chara.h">
      <Filter>ヘッダー ファイル\Chara</Filter>
    </ClInclude>
    <ClInclude Include="DrawObject.h">
      <Filter>ヘッダー ファイル\DirectG</Filter>
    </ClInclude>
    <ClInclude Include="Renderer.h">
      <Filter>ヘッダー ファイル\DirectG</Filter>
    </ClInclude>
    <ClInclude Include="Texture.h">
      <Filter>ヘッダー ファイル\DirectG</Filter>
    </ClInclude>
    <ClInclude Include="SystemClass.h">
      <Filter>ヘッダー ファイル\System</Filter>
    </ClInclude>
    <ClInclude Include="NKC_DInput.h">
      <Filter>ヘッダー ファイル\NKC</Filter>
    </ClInclude>
  </ItemGroup>
</Project>